# AUTO-GENERATED by `python -m eucri.run docs` — do not hand-edit.
current:
  version: 0.1.0-dev
  hash: c70d9aba0f07ea72f03c3fc7e2050148da47d7f88e640f178ecde13dd33c4992
history:
- version: 0.1.0-dev
  hash: ce39699708f7e4db1f3f1ccbaf108292c842078bb455c4955dbbc02dbd3913d3
  generated_utc: '2026-07-17T22:52:45Z'
- version: 0.1.0-dev
  hash: a2b3596556ca12fd2c444bd38f261f7fe3238d05475afe1726ae3c24cf2a5e79
  generated_utc: '2026-07-17T22:56:21Z'
- version: 0.1.0-dev
  hash: c70d9aba0f07ea72f03c3fc7e2050148da47d7f88e640f178ecde13dd33c4992
  generated_utc: '2026-07-18T09:13:48Z'
